
Microsoft Visual Studio Solution File, Format Version 12.00
# Visual Studio 15
VisualStudioVersion = 15.0.27428.2043
MinimumVisualStudioVersion = 10.0.40219.1
Project("{FAE04EC0-301F-11D3-BF4B-00C04F79EFBC}") = "ExampleContracts", "CrowdSale\ExampleContracts.csproj", "{6878D4C8-C4EE-454F-9722-223989F970DD}"
EndProject
Project("{FAE04EC0-301F-11D3-BF4B-00C04F79EFBC}") = "FishEffect", "FishEffect\FishEffect.csproj", "{79312FC6-0E20-4594-A435-5980BB74F987}"
EndProject
Global
	GlobalSection(SolutionConfigurationPlatforms) = preSolution
		Debug|Any CPU = Debug|Any CPU
		Release|Any CPU = Release|Any CPU
	EndGlobalSection
	GlobalSection(ProjectConfigurationPlatforms) = postSolution
		{6878D4C8-C4EE-454F-9722-223989F970DD}.Debug|Any CPU.ActiveCfg = Debug|Any CPU
		{6878D4C8-C4EE-454F-9722-223989F970DD}.Debug|Any CPU.Build.0 = Debug|Any CPU
		{6878D4C8-C4EE-454F-9722-223989F970DD}.Release|Any CPU.ActiveCfg = Release|Any CPU
		{6878D4C8-C4EE-454F-9722-223989F970DD}.Release|Any CPU.Build.0 = Release|Any CPU
		{79312FC6-0E20-4594-A435-5980BB74F987}.Debug|Any CPU.ActiveCfg = Debug|Any CPU
		{79312FC6-0E20-4594-A435-5980BB74F987}.Debug|Any CPU.Build.0 = Debug|Any CPU
		{79312FC6-0E20-4594-A435-5980BB74F987}.Release|Any CPU.ActiveCfg = Release|Any CPU
		{79312FC6-0E20-4594-A435-5980BB74F987}.Release|Any CPU.Build.0 = Release|Any CPU
	EndGlobalSection
	GlobalSection(SolutionProperties) = preSolution
		HideSolutionNode = FALSE
	EndGlobalSection
	GlobalSection(ExtensibilityGlobals) = postSolution
		SolutionGuid = {1ABB6986-D296-4B6E-A0DB-8186539BA200}
	EndGlobalSection
EndGlobal
